
Microsoft Visual Studio Solution File, Format Version 12.00
Project("{FAE04EC0-301F-11D3-BF4B-00C04F79EFBC}") = "ZqAuth", "ZqAuth\ZqAuth.csproj", "{846FCF4A-DA30-4FD3-B4A8-80785B366717}"
EndProject
Project("{FAE04EC0-301F-11D3-BF4B-00C04F79EFBC}") = "WebApi", "WebApi\WebApi.csproj", "{7C435C7C-EA1E-421B-8846-0045D9B1C660}"
EndProject
Project("{FAE04EC0-301F-11D3-BF4B-00C04F79EFBC}") = "Infrastructure", "Infrastructure\Infrastructure.csproj", "{3E435BE1-461A-4EAC-BEB3-EBF2BC138253}"
EndProject
Global
	GlobalSection(SolutionConfigurationPlatforms) = preSolution
		Debug|Any CPU = Debug|Any CPU
		Release|Any CPU = Release|Any CPU
	EndGlobalSection
	GlobalSection(ProjectConfigurationPlatforms) = postSolution
		{846FCF4A-DA30-4FD3-B4A8-80785B366717}.Debug|Any CPU.ActiveCfg = Debug|Any CPU
		{846FCF4A-DA30-4FD3-B4A8-80785B366717}.Debug|Any CPU.Build.0 = Debug|Any CPU
		{846FCF4A-DA30-4FD3-B4A8-80785B366717}.Release|Any CPU.ActiveCfg = Release|Any CPU
		{846FCF4A-DA30-4FD3-B4A8-80785B366717}.Release|Any CPU.Build.0 = Release|Any CPU
		{7C435C7C-EA1E-421B-8846-0045D9B1C660}.Debug|Any CPU.ActiveCfg = Debug|Any CPU
		{7C435C7C-EA1E-421B-8846-0045D9B1C660}.Debug|Any CPU.Build.0 = Debug|Any CPU
		{7C435C7C-EA1E-421B-8846-0045D9B1C660}.Release|Any CPU.ActiveCfg = Release|Any CPU
		{7C435C7C-EA1E-421B-8846-0045D9B1C660}.Release|Any CPU.Build.0 = Release|Any CPU
		{3E435BE1-461A-4EAC-BEB3-EBF2BC138253}.Debug|Any CPU.ActiveCfg = Debug|Any CPU
		{3E435BE1-461A-4EAC-BEB3-EBF2BC138253}.Debug|Any CPU.Build.0 = Debug|Any CPU
		{3E435BE1-461A-4EAC-BEB3-EBF2BC138253}.Release|Any CPU.ActiveCfg = Release|Any CPU
		{3E435BE1-461A-4EAC-BEB3-EBF2BC138253}.Release|Any CPU.Build.0 = Release|Any CPU
	EndGlobalSection
EndGlobal
